
Microsoft Visual Studio Solution File, Format Version 12.00
# Visual Studio 15
VisualStudioVersion = 15.0.27703.2035
MinimumVisualStudioVersion = 10.0.40219.1
Project("{FAE04EC0-301F-11D3-BF4B-00C04F79EFBC}") = "App.Entities.Base", "App.Entities.Base\App.Entities.Base.csproj", "{2FFB037C-539E-4032-9BD2-02EA3087FD75}"
EndProject
Project("{FAE04EC0-301F-11D3-BF4B-00C04F79EFBC}") = "App.Data.DataBase", "App.Data.DataBase\App.Data.DataBase.csproj", "{00998737-DFE8-49DC-9FBB-C172F3C5C346}"
EndProject
Project("{FAE04EC0-301F-11D3-BF4B-00C04F79EFBC}") = "App.Data.DataBase.Test", "App.Data.DataBase.Test\App.Data.DataBase.Test.csproj", "{A7DB05F3-EB9F-4965-A33B-72E637F2602E}"
EndProject
Project("{FAE04EC0-301F-11D3-BF4B-00C04F79EFBC}") = "App.Data.Repository.Interfaces", "App.Data.Repository.Interfaces\App.Data.Repository.Interfaces.csproj", "{8CBC299A-D41F-4C1F-BB11-20DB518AF1FC}"
EndProject
Project("{FAE04EC0-301F-11D3-BF4B-00C04F79EFBC}") = "App.Data.Repository", "App.Data.Repository\App.Data.Repository.csproj", "{7C7FB51A-C5E2-49EC-B943-96ABAE9A5EFB}"
EndProject
Project("{FAE04EC0-301F-11D3-BF4B-00C04F79EFBC}") = "App.Data.Repository.Test", "App.Data.Repository.Test\App.Data.Repository.Test.csproj", "{B7C52B8C-53FA-4C13-B255-5F477F9ABC8A}"
EndProject
Project("{FAE04EC0-301F-11D3-BF4B-00C04F79EFBC}") = "App.UI.Web.MVC", "App.UI.Web.MVC\App.UI.Web.MVC.csproj", "{6C5A84E7-2723-4807-959C-6E2C5215384A}"
EndProject
Project("{FAE04EC0-301F-11D3-BF4B-00C04F79EFBC}") = "App.UI.Web.MVC.Tests", "App.UI.Web.MVC.Tests\App.UI.Web.MVC.Tests.csproj", "{ED1AB726-D157-4F66-9ADA-5E0C3C032170}"
EndProject
Project("{2150E333-8FDC-42A3-9474-1A3956D46DE8}") = "Data", "Data", "{B9E2F96A-AB51-4D9A-AD09-D07E2BAD4E97}"
EndProject
Project("{2150E333-8FDC-42A3-9474-1A3956D46DE8}") = "Entities", "Entities", "{5E2A1BBE-C2FF-49D6-938E-62513339D84E}"
EndProject
Project("{2150E333-8FDC-42A3-9474-1A3956D46DE8}") = "Presentation", "Presentation", "{579A6A93-F291-4C99-A129-6165770E1747}"
EndProject
Project("{2150E333-8FDC-42A3-9474-1A3956D46DE8}") = "Domain", "Domain", "{697A67E6-6D4A-44D3-96E8-64B9A0133B2B}"
EndProject
Project("{FAE04EC0-301F-11D3-BF4B-00C04F79EFBC}") = "App.Domain.Services", "App.Domain.Services\App.Domain.Services.csproj", "{2C98E813-723B-408C-891D-6990A1D1C58B}"
EndProject
Project("{FAE04EC0-301F-11D3-BF4B-00C04F79EFBC}") = "App.Domain.Services.Interfaces", "App.Domain.Services.Interfaces\App.Domain.Services.Interfaces.csproj", "{3352497E-15DC-446D-8862-398EB218F39E}"
EndProject
Global
	GlobalSection(SolutionConfigurationPlatforms) = preSolution
		Debug|Any CPU = Debug|Any CPU
		Release|Any CPU = Release|Any CPU
	EndGlobalSection
	GlobalSection(ProjectConfigurationPlatforms) = postSolution
		{2FFB037C-539E-4032-9BD2-02EA3087FD75}.Debug|Any CPU.ActiveCfg = Debug|Any CPU
		{2FFB037C-539E-4032-9BD2-02EA3087FD75}.Debug|Any CPU.Build.0 = Debug|Any CPU
		{2FFB037C-539E-4032-9BD2-02EA3087FD75}.Release|Any CPU.ActiveCfg = Release|Any CPU
		{2FFB037C-539E-4032-9BD2-02EA3087FD75}.Release|Any CPU.Build.0 = Release|Any CPU
		{00998737-DFE8-49DC-9FBB-C172F3C5C346}.Debug|Any CPU.ActiveCfg = Debug|Any CPU
		{00998737-DFE8-49DC-9FBB-C172F3C5C346}.Debug|Any CPU.Build.0 = Debug|Any CPU
		{00998737-DFE8-49DC-9FBB-C172F3C5C346}.Release|Any CPU.ActiveCfg = Release|Any CPU
		{00998737-DFE8-49DC-9FBB-C172F3C5C346}.Release|Any CPU.Build.0 = Release|Any CPU
		{A7DB05F3-EB9F-4965-A33B-72E637F2602E}.Debug|Any CPU.ActiveCfg = Debug|Any CPU
		{A7DB05F3-EB9F-4965-A33B-72E637F2602E}.Debug|Any CPU.Build.0 = Debug|Any CPU
		{A7DB05F3-EB9F-4965-A33B-72E637F2602E}.Release|Any CPU.ActiveCfg = Release|Any CPU
		{A7DB05F3-EB9F-4965-A33B-72E637F2602E}.Release|Any CPU.Build.0 = Release|Any CPU
		{8CBC299A-D41F-4C1F-BB11-20DB518AF1FC}.Debug|Any CPU.ActiveCfg = Debug|Any CPU
		{8CBC299A-D41F-4C1F-BB11-20DB518AF1FC}.Debug|Any CPU.Build.0 = Debug|Any CPU
		{8CBC299A-D41F-4C1F-BB11-20DB518AF1FC}.Release|Any CPU.ActiveCfg = Release|Any CPU
		{8CBC299A-D41F-4C1F-BB11-20DB518AF1FC}.Release|Any CPU.Build.0 = Release|Any CPU
		{7C7FB51A-C5E2-49EC-B943-96ABAE9A5EFB}.Debug|Any CPU.ActiveCfg = Debug|Any CPU
		{7C7FB51A-C5E2-49EC-B943-96ABAE9A5EFB}.Debug|Any CPU.Build.0 = Debug|Any CPU
		{7C7FB51A-C5E2-49EC-B943-96ABAE9A5EFB}.Release|Any CPU.ActiveCfg = Release|Any CPU
		{7C7FB51A-C5E2-49EC-B943-96ABAE9A5EFB}.Release|Any CPU.Build.0 = Release|Any CPU
		{B7C52B8C-53FA-4C13-B255-5F477F9ABC8A}.Debug|Any CPU.ActiveCfg = Debug|Any CPU
		{B7C52B8C-53FA-4C13-B255-5F477F9ABC8A}.Debug|Any CPU.Build.0 = Debug|Any CPU
		{B7C52B8C-53FA-4C13-B255-5F477F9ABC8A}.Release|Any CPU.ActiveCfg = Release|Any CPU
		{B7C52B8C-53FA-4C13-B255-5F477F9ABC8A}.Release|Any CPU.Build.0 = Release|Any CPU
		{6C5A84E7-2723-4807-959C-6E2C5215384A}.Debug|Any CPU.ActiveCfg = Debug|Any CPU
		{6C5A84E7-2723-4807-959C-6E2C5215384A}.Debug|Any CPU.Build.0 = Debug|Any CPU
		{6C5A84E7-2723-4807-959C-6E2C5215384A}.Release|Any CPU.ActiveCfg = Release|Any CPU
		{6C5A84E7-2723-4807-959C-6E2C5215384A}.Release|Any CPU.Build.0 = Release|Any CPU
		{ED1AB726-D157-4F66-9ADA-5E0C3C032170}.Debug|Any CPU.ActiveCfg = Debug|Any CPU
		{ED1AB726-D157-4F66-9ADA-5E0C3C032170}.Debug|Any CPU.Build.0 = Debug|Any CPU
		{ED1AB726-D157-4F66-9ADA-5E0C3C032170}.Release|Any CPU.ActiveCfg = Release|Any CPU
		{ED1AB726-D157-4F66-9ADA-5E0C3C032170}.Release|Any CPU.Build.0 = Release|Any CPU
		{2C98E813-723B-408C-891D-6990A1D1C58B}.Debug|Any CPU.ActiveCfg = Debug|Any CPU
		{2C98E813-723B-408C-891D-6990A1D1C58B}.Debug|Any CPU.Build.0 = Debug|Any CPU
		{2C98E813-723B-408C-891D-6990A1D1C58B}.Release|Any CPU.ActiveCfg = Release|Any CPU
		{2C98E813-723B-408C-891D-6990A1D1C58B}.Release|Any CPU.Build.0 = Release|Any CPU
		{3352497E-15DC-446D-8862-398EB218F39E}.Debug|Any CPU.ActiveCfg = Debug|Any CPU
		{3352497E-15DC-446D-8862-398EB218F39E}.Debug|Any CPU.Build.0 = Debug|Any CPU
		{3352497E-15DC-446D-8862-398EB218F39E}.Release|Any CPU.ActiveCfg = Release|Any CPU
		{3352497E-15DC-446D-8862-398EB218F39E}.Release|Any CPU.Build.0 = Release|Any CPU
	EndGlobalSection
	GlobalSection(SolutionProperties) = preSolution
		HideSolutionNode = FALSE
	EndGlobalSection
	GlobalSection(NestedProjects) = preSolution
		{2FFB037C-539E-4032-9BD2-02EA3087FD75} = {5E2A1BBE-C2FF-49D6-938E-62513339D84E}
		{00998737-DFE8-49DC-9FBB-C172F3C5C346} = {B9E2F96A-AB51-4D9A-AD09-D07E2BAD4E97}
		{A7DB05F3-EB9F-4965-A33B-72E637F2602E} = {B9E2F96A-AB51-4D9A-AD09-D07E2BAD4E97}
		{8CBC299A-D41F-4C1F-BB11-20DB518AF1FC} = {B9E2F96A-AB51-4D9A-AD09-D07E2BAD4E97}
		{7C7FB51A-C5E2-49EC-B943-96ABAE9A5EFB} = {B9E2F96A-AB51-4D9A-AD09-D07E2BAD4E97}
		{B7C52B8C-53FA-4C13-B255-5F477F9ABC8A} = {B9E2F96A-AB51-4D9A-AD09-D07E2BAD4E97}
		{6C5A84E7-2723-4807-959C-6E2C5215384A} = {579A6A93-F291-4C99-A129-6165770E1747}
		{ED1AB726-D157-4F66-9ADA-5E0C3C032170} = {579A6A93-F291-4C99-A129-6165770E1747}
		{2C98E813-723B-408C-891D-6990A1D1C58B} = {697A67E6-6D4A-44D3-96E8-64B9A0133B2B}
		{3352497E-15DC-446D-8862-398EB218F39E} = {697A67E6-6D4A-44D3-96E8-64B9A0133B2B}
	EndGlobalSection
	GlobalSection(ExtensibilityGlobals) = postSolution
		SolutionGuid = {E8D72973-0AEF-489E-8749-6BC9867AA949}
	EndGlobalSection
EndGlobal
