
Microsoft Visual Studio Solution File, Format Version 12.00
# Visual Studio 15
VisualStudioVersion = 15.0.27703.2035
MinimumVisualStudioVersion = 10.0.40219.1
Project("{FAE04EC0-301F-11D3-BF4B-00C04F79EFBC}") = "Cibertec.UI.MVC", "Cibertec.UI.MVC\Cibertec.UI.MVC.csproj", "{30432F10-E6D6-4AC0-8664-C5D1FEF4C63A}"
EndProject
Global
	GlobalSection(SolutionConfigurationPlatforms) = preSolution
		Debug|Any CPU = Debug|Any CPU
		Release|Any CPU = Release|Any CPU
	EndGlobalSection
	GlobalSection(ProjectConfigurationPlatforms) = postSolution
		{30432F10-E6D6-4AC0-8664-C5D1FEF4C63A}.Debug|Any CPU.ActiveCfg = Debug|Any CPU
		{30432F10-E6D6-4AC0-8664-C5D1FEF4C63A}.Debug|Any CPU.Build.0 = Debug|Any CPU
		{30432F10-E6D6-4AC0-8664-C5D1FEF4C63A}.Release|Any CPU.ActiveCfg = Release|Any CPU
		{30432F10-E6D6-4AC0-8664-C5D1FEF4C63A}.Release|Any CPU.Build.0 = Release|Any CPU
	EndGlobalSection
	GlobalSection(SolutionProperties) = preSolution
		HideSolutionNode = FALSE
	EndGlobalSection
	GlobalSection(ExtensibilityGlobals) = postSolution
		SolutionGuid = {5E76C3A5-962C-4D51-8413-ED498B0E1B95}
	EndGlobalSection
EndGlobal
